
Microsoft Visual Studio Solution File, Format Version 12.00
# Visual Studio Version 17
VisualStudioVersion = 17.11.35312.102
MinimumVisualStudioVersion = 10.0.40219.1
Project("{FAE04EC0-301F-11D3-BF4B-00C04F79EFBC}") = "BlazorApp", "BlazorApp.csproj", "{1A8B4793-6830-4137-BDE7-3442CE015DE0}"
EndProject
Global
	GlobalSection(SolutionConfigurationPlatforms) = preSolution
		Debug|Any CPU = Debug|Any CPU
		Release|Any CPU = Release|Any CPU
	EndGlobalSection
	GlobalSection(ProjectConfigurationPlatforms) = postSolution
		{1A8B4793-6830-4137-BDE7-3442CE015DE0}.Debug|Any CPU.ActiveCfg = Debug|Any CPU
		{1A8B4793-6830-4137-BDE7-3442CE015DE0}.Debug|Any CPU.Build.0 = Debug|Any CPU
		{1A8B4793-6830-4137-BDE7-3442CE015DE0}.Release|Any CPU.ActiveCfg = Release|Any CPU
		{1A8B4793-6830-4137-BDE7-3442CE015DE0}.Release|Any CPU.Build.0 = Release|Any CPU
	EndGlobalSection
	GlobalSection(SolutionProperties) = preSolution
		HideSolutionNode = FALSE
	EndGlobalSection
	GlobalSection(ExtensibilityGlobals) = postSolution
		SolutionGuid = {C555A3DC-5E1A-4A12-8605-395B914A5377}
	EndGlobalSection
EndGlobal
